{
  "name": "sawwerakyawkyaw-portfolio",
  "lockfileVersion": 3,
  "requires": true,
  "packages": {
    "": {
      "dependencies": {
        "tailwindcss-motion": "^1.1.0"
      }
    },
    "node_modules/tailwindcss": {
      "version": "4.0.14",
      "resolved": "https://registry.npmjs.org/tailwindcss/-/tailwindcss-4.0.14.tgz",
      "integrity": "sha512-92YT2dpt671tFiHH/e1ok9D987N9fHD5VWoly1CdPD/Cd1HMglvZwP3nx2yTj2lbXDAHt8QssZkxTLCCTNL+xw==",
      "license": "MIT",
      "peer": true
    },
    "node_modules/tailwindcss-motion": {
      "version": "1.1.0",
      "resolved": "https://registry.npmjs.org/tailwindcss-motion/-/tailwindcss-motion-1.1.0.tgz",
      "integrity": "sha512-0lK6rA4+367ffJdi1TtB72GlMCxJi2TP/xRiHc6An5pZSlU6WfIHhSvLxpcGilGZfBrOqc2q4woH1DEP/lCNbQ==",
      "license": "MIT",
      "peerDependencies": {
        "tailwindcss": ">=3.0.0 || insiders"
      }
    }
  }
}
